{
  "name": "base_ulm",
  "version": "1.0.0",
  "lockfileVersion": 3,
  "requires": true,
  "packages": {
    "": {
      "name": "base_ulm",
      "version": "1.0.0",
      "license": "ISC",
      "dependencies": {
        "pdf-poppler": "^0.2.3"
      }
    },
    "node_modules/pdf-poppler": {
      "version": "0.2.3",
      "resolved": "https://registry.npmjs.org/pdf-poppler/-/pdf-poppler-0.2.3.tgz",
      "integrity": "sha512-nUczP3M/W4c8/3F6il0LmkxkF33qTKQyxeBmUnPbQLxxhtBX42zfpZqnLysomvMdb756qVR7n5kvNr+LzisXQw=="
    }
  }
}
